
Microsoft Visual Studio Solution File, Format Version 12.00
# Visual Studio Version 17
VisualStudioVersion = 17.4.33213.308
MinimumVisualStudioVersion = 10.0.40219.1
Project("{9A19103F-16F7-4668-BE54-9A1E7A4F7556}") = "Async_await", "Async_await\Async_await.csproj", "{D0E3683D-1760-4C9A-AEF3-08733519B48C}"
EndProject
Project("{9A19103F-16F7-4668-BE54-9A1E7A4F7556}") = "DataCar", "DataCar\DataCar.csproj", "{96CE7FF6-DA38-4253-A90E-853CCB11ADA8}"
EndProject
Project("{9A19103F-16F7-4668-BE54-9A1E7A4F7556}") = "CarUi", "CarUi\CarUi.csproj", "{857EAFB2-5DC9-451F-B465-AE8E015F6C63}"
EndProject
Project("{9A19103F-16F7-4668-BE54-9A1E7A4F7556}") = "FileCopy", "FileCopy\FileCopy.csproj", "{5347E00A-EF6D-4EBF-8CDE-4E69E5152D6D}"
EndProject
Project("{FAE04EC0-301F-11D3-BF4B-00C04F79EFBC}") = "FileCopy_net8", "FileCopy_net8\FileCopy_net8.csproj", "{8DD5832D-776A-4503-8B28-331AF8000BD3}"
EndProject
Global
	GlobalSection(SolutionConfigurationPlatforms) = preSolution
		Debug|Any CPU = Debug|Any CPU
		Release|Any CPU = Release|Any CPU
	EndGlobalSection
	GlobalSection(ProjectConfigurationPlatforms) = postSolution
		{D0E3683D-1760-4C9A-AEF3-08733519B48C}.Debug|Any CPU.ActiveCfg = Debug|Any CPU
		{D0E3683D-1760-4C9A-AEF3-08733519B48C}.Debug|Any CPU.Build.0 = Debug|Any CPU
		{D0E3683D-1760-4C9A-AEF3-08733519B48C}.Release|Any CPU.ActiveCfg = Release|Any CPU
		{D0E3683D-1760-4C9A-AEF3-08733519B48C}.Release|Any CPU.Build.0 = Release|Any CPU
		{96CE7FF6-DA38-4253-A90E-853CCB11ADA8}.Debug|Any CPU.ActiveCfg = Debug|Any CPU
		{96CE7FF6-DA38-4253-A90E-853CCB11ADA8}.Debug|Any CPU.Build.0 = Debug|Any CPU
		{96CE7FF6-DA38-4253-A90E-853CCB11ADA8}.Release|Any CPU.ActiveCfg = Release|Any CPU
		{96CE7FF6-DA38-4253-A90E-853CCB11ADA8}.Release|Any CPU.Build.0 = Release|Any CPU
		{857EAFB2-5DC9-451F-B465-AE8E015F6C63}.Debug|Any CPU.ActiveCfg = Debug|Any CPU
		{857EAFB2-5DC9-451F-B465-AE8E015F6C63}.Debug|Any CPU.Build.0 = Debug|Any CPU
		{857EAFB2-5DC9-451F-B465-AE8E015F6C63}.Release|Any CPU.ActiveCfg = Release|Any CPU
		{857EAFB2-5DC9-451F-B465-AE8E015F6C63}.Release|Any CPU.Build.0 = Release|Any CPU
		{5347E00A-EF6D-4EBF-8CDE-4E69E5152D6D}.Debug|Any CPU.ActiveCfg = Debug|Any CPU
		{5347E00A-EF6D-4EBF-8CDE-4E69E5152D6D}.Debug|Any CPU.Build.0 = Debug|Any CPU
		{5347E00A-EF6D-4EBF-8CDE-4E69E5152D6D}.Release|Any CPU.ActiveCfg = Release|Any CPU
		{5347E00A-EF6D-4EBF-8CDE-4E69E5152D6D}.Release|Any CPU.Build.0 = Release|Any CPU
		{8DD5832D-776A-4503-8B28-331AF8000BD3}.Debug|Any CPU.ActiveCfg = Debug|Any CPU
		{8DD5832D-776A-4503-8B28-331AF8000BD3}.Debug|Any CPU.Build.0 = Debug|Any CPU
		{8DD5832D-776A-4503-8B28-331AF8000BD3}.Release|Any CPU.ActiveCfg = Release|Any CPU
		{8DD5832D-776A-4503-8B28-331AF8000BD3}.Release|Any CPU.Build.0 = Release|Any CPU
	EndGlobalSection
	GlobalSection(SolutionProperties) = preSolution
		HideSolutionNode = FALSE
	EndGlobalSection
	GlobalSection(ExtensibilityGlobals) = postSolution
		SolutionGuid = {4CA18884-14DF-45ED-8B46-A357D4BFDCEA}
	EndGlobalSection
EndGlobal
